
Microsoft Visual Studio Solution File, Format Version 12.00
# Visual Studio Version 16
VisualStudioVersion = 16.0.32802.440
MinimumVisualStudioVersion = 10.0.40219.1
Project("{FAE04EC0-301F-11D3-BF4B-00C04F79EFBC}") = "WebApplication1", "WebApplication1\WebApplication1.csproj", "{5B415450-909C-4408-ABE6-129C69A6F141}"
EndProject
Global
	GlobalSection(SolutionConfigurationPlatforms) = preSolution
		Debug|Any CPU = Debug|Any CPU
		Release|Any CPU = Release|Any CPU
	EndGlobalSection
	GlobalSection(ProjectConfigurationPlatforms) = postSolution
		{5B415450-909C-4408-ABE6-129C69A6F141}.Debug|Any CPU.ActiveCfg = Debug|Any CPU
		{5B415450-909C-4408-ABE6-129C69A6F141}.Debug|Any CPU.Build.0 = Debug|Any CPU
		{5B415450-909C-4408-ABE6-129C69A6F141}.Release|Any CPU.ActiveCfg = Release|Any CPU
		{5B415450-909C-4408-ABE6-129C69A6F141}.Release|Any CPU.Build.0 = Release|Any CPU
	EndGlobalSection
	GlobalSection(SolutionProperties) = preSolution
		HideSolutionNode = FALSE
	EndGlobalSection
	GlobalSection(ExtensibilityGlobals) = postSolution
		SolutionGuid = {ADF5D9BE-6A7F-4309-804F-42396782F313}
	EndGlobalSection
EndGlobal
